
Microsoft Visual Studio Solution File, Format Version 12.00
# Visual Studio 15
VisualStudioVersion = 15.0.26730.3
MinimumVisualStudioVersion = 10.0.40219.1
Project("{2150E333-8FDC-42A3-9474-1A3956D46DE8}") = "Common", "Common", "{DFAD0EE4-331C-4543-97EE-8C7BEA760DA4}"
EndProject
Project("{2150E333-8FDC-42A3-9474-1A3956D46DE8}") = "UserMangement", "UserMangement", "{260923B9-8531-44EB-B24D-DF0F16F1F5E7}"
EndProject
Project("{9A19103F-16F7-4668-BE54-9A1E7A4F7556}") = "Identity.IDP", "Identity.IDP\Identity.IDP.csproj", "{883283A7-BB0A-41A0-AB01-70B25143F3C8}"
EndProject
Project("{9A19103F-16F7-4668-BE54-9A1E7A4F7556}") = "UserMangement.API", "UserMangement.API\UserMangement.API.csproj", "{C68861F0-042E-40E2-B1B3-07F0A60B55EE}"
EndProject
Project("{9A19103F-16F7-4668-BE54-9A1E7A4F7556}") = "UserMangement.MVC", "UserMangement.MVC\UserMangement.MVC.csproj", "{D9063756-69FB-49D1-BABB-8A9D1B09CA8A}"
EndProject
Project("{9A19103F-16F7-4668-BE54-9A1E7A4F7556}") = "UserMangement.DAL", "UserMangement.DAL\UserMangement.DAL.csproj", "{9166A548-F2E7-4766-812C-C7C825681751}"
EndProject
Project("{FAE04EC0-301F-11D3-BF4B-00C04F79EFBC}") = "IDP.DAL", "IDP.DAL\IDP.DAL.csproj", "{5D9C535D-0B83-4B7E-8BA9-7ABF73AFF84C}"
EndProject
Project("{FAE04EC0-301F-11D3-BF4B-00C04F79EFBC}") = "IDP.BLL", "IDP.BLL\IDP.BLL.csproj", "{02F23428-54EE-4615-94CF-3CD1D507507E}"
EndProject
Global
	GlobalSection(SolutionConfigurationPlatforms) = preSolution
		Debug|Any CPU = Debug|Any CPU
		Release|Any CPU = Release|Any CPU
	EndGlobalSection
	GlobalSection(ProjectConfigurationPlatforms) = postSolution
		{883283A7-BB0A-41A0-AB01-70B25143F3C8}.Debug|Any CPU.ActiveCfg = Debug|Any CPU
		{883283A7-BB0A-41A0-AB01-70B25143F3C8}.Debug|Any CPU.Build.0 = Debug|Any CPU
		{883283A7-BB0A-41A0-AB01-70B25143F3C8}.Release|Any CPU.ActiveCfg = Release|Any CPU
		{883283A7-BB0A-41A0-AB01-70B25143F3C8}.Release|Any CPU.Build.0 = Release|Any CPU
		{C68861F0-042E-40E2-B1B3-07F0A60B55EE}.Debug|Any CPU.ActiveCfg = Debug|Any CPU
		{C68861F0-042E-40E2-B1B3-07F0A60B55EE}.Debug|Any CPU.Build.0 = Debug|Any CPU
		{C68861F0-042E-40E2-B1B3-07F0A60B55EE}.Release|Any CPU.ActiveCfg = Release|Any CPU
		{C68861F0-042E-40E2-B1B3-07F0A60B55EE}.Release|Any CPU.Build.0 = Release|Any CPU
		{D9063756-69FB-49D1-BABB-8A9D1B09CA8A}.Debug|Any CPU.ActiveCfg = Debug|Any CPU
		{D9063756-69FB-49D1-BABB-8A9D1B09CA8A}.Debug|Any CPU.Build.0 = Debug|Any CPU
		{D9063756-69FB-49D1-BABB-8A9D1B09CA8A}.Release|Any CPU.ActiveCfg = Release|Any CPU
		{D9063756-69FB-49D1-BABB-8A9D1B09CA8A}.Release|Any CPU.Build.0 = Release|Any CPU
		{9166A548-F2E7-4766-812C-C7C825681751}.Debug|Any CPU.ActiveCfg = Debug|Any CPU
		{9166A548-F2E7-4766-812C-C7C825681751}.Debug|Any CPU.Build.0 = Debug|Any CPU
		{9166A548-F2E7-4766-812C-C7C825681751}.Release|Any CPU.ActiveCfg = Release|Any CPU
		{9166A548-F2E7-4766-812C-C7C825681751}.Release|Any CPU.Build.0 = Release|Any CPU
		{5D9C535D-0B83-4B7E-8BA9-7ABF73AFF84C}.Debug|Any CPU.ActiveCfg = Debug|Any CPU
		{5D9C535D-0B83-4B7E-8BA9-7ABF73AFF84C}.Debug|Any CPU.Build.0 = Debug|Any CPU
		{5D9C535D-0B83-4B7E-8BA9-7ABF73AFF84C}.Release|Any CPU.ActiveCfg = Release|Any CPU
		{5D9C535D-0B83-4B7E-8BA9-7ABF73AFF84C}.Release|Any CPU.Build.0 = Release|Any CPU
		{02F23428-54EE-4615-94CF-3CD1D507507E}.Debug|Any CPU.ActiveCfg = Debug|Any CPU
		{02F23428-54EE-4615-94CF-3CD1D507507E}.Debug|Any CPU.Build.0 = Debug|Any CPU
		{02F23428-54EE-4615-94CF-3CD1D507507E}.Release|Any CPU.ActiveCfg = Release|Any CPU
		{02F23428-54EE-4615-94CF-3CD1D507507E}.Release|Any CPU.Build.0 = Release|Any CPU
	EndGlobalSection
	GlobalSection(SolutionProperties) = preSolution
		HideSolutionNode = FALSE
	EndGlobalSection
	GlobalSection(NestedProjects) = preSolution
		{883283A7-BB0A-41A0-AB01-70B25143F3C8} = {DFAD0EE4-331C-4543-97EE-8C7BEA760DA4}
		{C68861F0-042E-40E2-B1B3-07F0A60B55EE} = {260923B9-8531-44EB-B24D-DF0F16F1F5E7}
		{D9063756-69FB-49D1-BABB-8A9D1B09CA8A} = {260923B9-8531-44EB-B24D-DF0F16F1F5E7}
		{9166A548-F2E7-4766-812C-C7C825681751} = {260923B9-8531-44EB-B24D-DF0F16F1F5E7}
		{5D9C535D-0B83-4B7E-8BA9-7ABF73AFF84C} = {DFAD0EE4-331C-4543-97EE-8C7BEA760DA4}
		{02F23428-54EE-4615-94CF-3CD1D507507E} = {DFAD0EE4-331C-4543-97EE-8C7BEA760DA4}
	EndGlobalSection
	GlobalSection(ExtensibilityGlobals) = postSolution
		SolutionGuid = {685C5870-AA20-4CE2-B876-C50270174CDA}
	EndGlobalSection
EndGlobal
